// !$*UTF8*$!
{
	archiveVersion = 1;
	classes = {
	};
	objectVersion = 50;
	objects = {

/* Begin PBXBuildFile section */
		09BC117821DE3E1800245B88 /* KeychainPasswordItem.swift in Sources */ = {isa = PBXBuildFile; fileRef = 09BC117621DE3E1800245B88 /* KeychainPasswordItem.swift */; };
		09BC117921DE3E1800245B88 /* KeychainConfiguration.swift in Sources */ = {isa = PBXBuildFile; fileRef = 09BC117721DE3E1800245B88 /* KeychainConfiguration.swift */; };
		82728D7D21BA5D4F00790D2F /* AppDelegate.swift in Sources */ = {isa = PBXBuildFile; fileRef = 82728D7C21BA5D4F00790D2F /* AppDelegate.swift */; };
		82728D7F21BA5D4F00790D2F /* ViewController.swift in Sources */ = {isa = PBXBuildFile; fileRef = 82728D7E21BA5D4F00790D2F /* ViewController.swift */; };
		82728D8221BA5D4F00790D2F /* Main.storyboard in Resources */ = {isa = PBXBuildFile; fileRef = 82728D8021BA5D4F00790D2F /* Main.storyboard */; };
		82728D8421BA5D4F00790D2F /* Assets.xcassets in Resources */ = {isa = PBXBuildFile; fileRef = 82728D8321BA5D4F00790D2F /* Assets.xcassets */; };
		82728D8721BA5D4F00790D2F /* LaunchScreen.storyboard in Resources */ = {isa = PBXBuildFile; fileRef = 82728D8521BA5D4F00790D2F /* LaunchScreen.storyboard */; };
		82728D9121BA735D00790D2F /* SuccessViewController.swift in Sources */ = {isa = PBXBuildFile; fileRef = 82728D9021BA735D00790D2F /* SuccessViewController.swift */; };
/* End PBXBuildFile section */

/* Begin PBXFileReference section */
		09BC117621DE3E1800245B88 /* KeychainPasswordItem.swift */ = {isa = PBXFileReference; fileEncoding = 4; lastKnownFileType = sourcecode.swift; path = KeychainPasswordItem.swift; sourceTree = "<group>"; };
		09BC117721DE3E1800245B88 /* KeychainConfiguration.swift */ = {isa = PBXFileReference; fileEncoding = 4; lastKnownFileType = sourcecode.swift; path = KeychainConfiguration.swift; sourceTree = "<group>"; };
		82728D7921BA5D4F00790D2F /* LoginScreen.app */ = {isa = PBXFileReference; explicitFileType = wrapper.application; includeInIndex = 0; path = LoginScreen.app; sourceTree = BUILT_PRODUCTS_DIR; };
		82728D7C21BA5D4F00790D2F /* AppDelegate.swift */ = {isa = PBXFileReference; lastKnownFileType = sourcecode.swift; path = AppDelegate.swift; sourceTree = "<group>"; };
		82728D7E21BA5D4F00790D2F /* ViewController.swift */ = {isa = PBXFileReference; lastKnownFileType = sourcecode.swift; path = ViewController.swift; sourceTree = "<group>"; };
		82728D8121BA5D4F00790D2F /* Base */ = {isa = PBXFileReference; lastKnownFileType = file.storyboard; name = Base; path = Base.lproj/Main.storyboard; sourceTree = "<group>"; };
		82728D8321BA5D4F00790D2F /* Assets.xcassets */ = {isa = PBXFileReference; lastKnownFileType = folder.assetcatalog; path = Assets.xcassets; sourceTree = "<group>"; };
		82728D8621BA5D4F00790D2F /* Base */ = {isa = PBXFileReference; lastKnownFileType = file.storyboard; name = Base; path = Base.lproj/LaunchScreen.storyboard; sourceTree = "<group>"; };
		82728D8821BA5D4F00790D2F /* Info.plist */ = {isa = PBXFileReference; lastKnownFileType = text.plist.xml; path = Info.plist; sourceTree = "<group>"; };
		82728D9021BA735D00790D2F /* SuccessViewController.swift */ = {isa = PBXFileReference; lastKnownFileType = sourcecode.swift; path = SuccessViewController.swift; sourceTree = "<group>"; };
/* End PBXFileReference section */

/* Begin PBXFrameworksBuildPhase section */
		82728D7621BA5D4F00790D2F /* Frameworks */ = {
			isa = PBXFrameworksBuildPhase;
			buildActionMask = 2147483647;
			files = (
			);
			runOnlyForDeploymentPostprocessing = 0;
		};
/* End PBXFrameworksBuildPhase section */

/* Begin PBXGroup section */
		09BC117521DE3DF300245B88 /* Keychain */ = {
			isa = PBXGroup;
			children = (
				09BC117721DE3E1800245B88 /* KeychainConfiguration.swift */,
				09BC117621DE3E1800245B88 /* KeychainPasswordItem.swift */,
			);
			path = Keychain;
			sourceTree = "<group>";
		};
		82728D7021BA5D4F00790D2F = {
			isa = PBXGroup;
			children = (
				82728D7B21BA5D4F00790D2F /* LoginScreen */,
				82728D7A21BA5D4F00790D2F /* Products */,
			);
			sourceTree = "<group>";
		};
		82728D7A21BA5D4F00790D2F /* Products */ = {
			isa = PBXGroup;
			children = (
				82728D7921BA5D4F00790D2F /* LoginScreen.app */,
			);
			name = Products;
			sourceTree = "<group>";
		};
		82728D7B21BA5D4F00790D2F /* LoginScreen */ = {
			isa = PBXGroup;
			children = (
				09BC117521DE3DF300245B88 /* Keychain */,
				82728D7C21BA5D4F00790D2F /* AppDelegate.swift */,
				82728D7E21BA5D4F00790D2F /* ViewController.swift */,
				82728D8021BA5D4F00790D2F /* Main.storyboard */,
				82728D8321BA5D4F00790D2F /* Assets.xcassets */,
				82728D8521BA5D4F00790D2F /* LaunchScreen.storyboard */,
				82728D8821BA5D4F00790D2F /* Info.plist */,
				82728D9021BA735D00790D2F /* SuccessViewController.swift */,
			);
			path = LoginScreen;
			sourceTree = "<group>";
		};
/* End PBXGroup section */

/* Begin PBXNativeTarget section */
		82728D7821BA5D4F00790D2F /* LoginScreen */ = {
			isa = PBXNativeTarget;
			buildConfigurationList = 82728D8B21BA5D4F00790D2F /* Build configuration list for PBXNativeTarget "LoginScreen" */;
			buildPhases = (
				82728D7521BA5D4F00790D2F /* Sources */,
				82728D7621BA5D4F00790D2F /* Frameworks */,
				82728D7721BA5D4F00790D2F /* Resources */,
			);
			buildRules = (
			);
			dependencies = (
			);
			name = LoginScreen;
			productName = UserDefaultsTest;
			productReference = 82728D7921BA5D4F00790D2F /* LoginScreen.app */;
			productType = "com.apple.product-type.application";
		};
/* End PBXNativeTarget section */

/* Begin PBXProject section */
		82728D7121BA5D4F00790D2F /* Project object */ = {
			isa = PBXProject;
			attributes = {
				LastSwiftUpdateCheck = 1000;
				LastUpgradeCheck = 1000;
				ORGANIZATIONNAME = "Soeng Saravit";
				TargetAttributes = {
					82728D7821BA5D4F00790D2F = {
						CreatedOnToolsVersion = 10.0;
					};
				};
			};
			buildConfigurationList = 82728D7421BA5D4F00790D2F /* Build configuration list for PBXProject "LoginScreen" */;
			compatibilityVersion = "Xcode 9.3";
			developmentRegion = en;
			hasScannedForEncodings = 0;
			knownRegions = (
				en,
				Base,
			);
			mainGroup = 82728D7021BA5D4F00790D2F;
			productRefGroup = 82728D7A21BA5D4F00790D2F /* Products */;
			projectDirPath = "";
			projectRoot = "";
			targets = (
				82728D7821BA5D4F00790D2F /* LoginScreen */,
			);
		};
/* End PBXProject section */

/* Begin PBXResourcesBuildPhase section */
		82728D7721BA5D4F00790D2F /* Resources */ = {
			isa = PBXResourcesBuildPhase;
			buildActionMask = 2147483647;
			files = (
				82728D8721BA5D4F00790D2F /* LaunchScreen.storyboard in Resources */,
				82728D8421BA5D4F00790D2F /* Assets.xcassets in Resources */,
				82728D8221BA5D4F00790D2F /* Main.storyboard in Resources */,
			);
			runOnlyForDeploymentPostprocessing = 0;
		};
/* End PBXResourcesBuildPhase section */

/* Begin PBXSourcesBuildPhase section */
		82728D7521BA5D4F00790D2F /* Sources */ = {
			isa = PBXSourcesBuildPhase;
			buildActionMask = 2147483647;
			files = (
				09BC117921DE3E1800245B88 /* KeychainConfiguration.swift in Sources */,
				09BC117821DE3E1800245B88 /* KeychainPasswordItem.swift in Sources */,
				82728D7F21BA5D4F00790D2F /* ViewController.swift in Sources */,
				82728D9121BA735D00790D2F /* SuccessViewController.swift in Sources */,
				82728D7D21BA5D4F00790D2F /* AppDelegate.swift in Sources */,
			);
			runOnlyForDeploymentPostprocessing = 0;
		};
/* End PBXSourcesBuildPhase section */

/* Begin PBXVariantGroup section */
		82728D8021BA5D4F00790D2F /* Main.storyboard */ = {
			isa = PBXVariantGroup;
			children = (
				82728D8121BA5D4F00790D2F /* Base */,
			);
			name = Main.storyboard;
			sourceTree = "<group>";
		};
		82728D8521BA5D4F00790D2F /* LaunchScreen.storyboard */ = {
			isa = PBXVariantGroup;
			children = (
				82728D8621BA5D4F00790D2F /* Base */,
			);
			name = LaunchScreen.storyboard;
			sourceTree = "<group>";
		};
/* End PBXVariantGroup section */

/* Begin XCBuildConfiguration section */
		82728D8921BA5D4F00790D2F /* Debug */ = {
			isa = XCBuildConfiguration;
			buildSettings = {
				ALWAYS_SEARCH_USER_PATHS = NO;
				CLANG_ANALYZER_NONNULL = YES;
				CLANG_ANALYZER_NUMBER_OBJECT_CONVERSION = YES_AGGRESSIVE;
				CLANG_CXX_LANGUAGE_STANDARD = "gnu++14";
				CLANG_CXX_LIBRARY = "libc++";
				CLANG_ENABLE_MODULES = YES;
				CLANG_ENABLE_OBJC_ARC = YES;
				CLANG_ENABLE_OBJC_WEAK = YES;
				CLANG_WARN_BLOCK_CAPTURE_AUTORELEASING = YES;
				CLANG_WARN_BOOL_CONVERSION = YES;
				CLANG_WARN_COMMA = YES;
				CLANG_WARN_CONSTANT_CONVERSION = YES;
				CLANG_WARN_DEPRECATED_OBJC_IMPLEMENTATIONS = YES;
				CLANG_WARN_DIRECT_OBJC_ISA_USAGE = YES_ERROR;
				CLANG_WARN_DOCUMENTATION_COMMENTS = YES;
				CLANG_WARN_EMPTY_BODY = YES;
				CLANG_WARN_ENUM_CONVERSION = YES;
				CLANG_WARN_INFINITE_RECURSION = YES;
				CLANG_WARN_INT_CONVERSION = YES;
				CLANG_WARN_NON_LITERAL_NULL_CONVERSION = YES;
				CLANG_WARN_OBJC_IMPLICIT_RETAIN_SELF = YES;
				CLANG_WARN_OBJC_LITERAL_CONVERSION = YES;
				CLANG_WARN_OBJC_ROOT_CLASS = YES_ERROR;
				CLANG_WARN_RANGE_LOOP_ANALYSIS = YES;
				CLANG_WARN_STRICT_PROTOTYPES = YES;
				CLANG_WARN_SUSPICIOUS_MOVE = YES;
				CLANG_WARN_UNGUARDED_AVAILABILITY = YES_AGGRESSIVE;
				CLANG_WARN_UNREACHABLE_CODE = YES;
				CLANG_WARN__DUPLICATE_METHOD_MATCH = YES;
				CODE_SIGN_IDENTITY = "iPhone Developer";
				COPY_PHASE_STRIP = NO;
				DEBUG_INFORMATION_FORMAT = dwarf;
				ENABLE_STRICT_OBJC_MSGSEND = YES;
				ENABLE_TESTABILITY = YES;
				GCC_C_LANGUAGE_STANDARD = gnu11;
				GCC_DYNAMIC_NO_PIC = NO;
				GCC_NO_COMMON_BLOCKS = YES;
				GCC_OPTIMIZATION_LEVEL = 0;
				GCC_PREPROCESSOR_DEFINITIONS = (
					"DEBUG=1",
					"$(inherited)",
				);
				GCC_WARN_64_TO_32_BIT_CONVERSION = YES;
				GCC_WARN_ABOUT_RETURN_TYPE = YES_ERROR;
				GCC_WARN_UNDECLARED_SELECTOR = YES;
				GCC_WARN_UNINITIALIZED_AUTOS = YES_AGGRESSIVE;
				GCC_WARN_UNUSED_FUNCTION = YES;
				GCC_WARN_UNUSED_VARIABLE = YES;
				IPHONEOS_DEPLOYMENT_TARGET = 12.0;
				MTL_ENABLE_DEBUG_INFO = INCLUDE_SOURCE;
				MTL_FAST_MATH = YES;
				ONLY_ACTIVE_ARCH = YES;
				SDKROOT = iphoneos;
				SWIFT_ACTIVE_COMPILATION_CONDITIONS = DEBUG;
				SWIFT_OPTIMIZATION_LEVEL = "-Onone";
			};
			name = Debug;
		};
		82728D8A21BA5D4F00790D2F /* Release */ = {
			isa = XCBuildConfiguration;
			buildSettings = {
				ALWAYS_SEARCH_USER_PATHS = NO;
				CLANG_ANALYZER_NONNULL = YES;
				CLANG_ANALYZER_NUMBER_OBJECT_CONVERSION = YES_AGGRESSIVE;
				CLANG_CXX_LANGUAGE_STANDARD = "gnu++14";
				CLANG_CXX_LIBRARY = "libc++";
				CLANG_ENABLE_MODULES = YES;
				CLANG_ENABLE_OBJC_ARC = YES;
				CLANG_ENABLE_OBJC_WEAK = YES;
				CLANG_WARN_BLOCK_CAPTURE_AUTORELEASING = YES;
				CLANG_WARN_BOOL_CONVERSION = YES;
				CLANG_WARN_COMMA = YES;
				CLANG_WARN_CONSTANT_CONVERSION = YES;
				CLANG_WARN_DEPRECATED_OBJC_IMPLEMENTATIONS = YES;
				CLANG_WARN_DIRECT_OBJC_ISA_USAGE = YES_ERROR;
				CLANG_WARN_DOCUMENTATION_COMMENTS = YES;
				CLANG_WARN_EMPTY_BODY = YES;
				CLANG_WARN_ENUM_CONVERSION = YES;
				CLANG_WARN_INFINITE_RECURSION = YES;
				CLANG_WARN_INT_CONVERSION = YES;
				CLANG_WARN_NON_LITERAL_NULL_CONVERSION = YES;
				CLANG_WARN_OBJC_IMPLICIT_RETAIN_SELF = YES;
				CLANG_WARN_OBJC_LITERAL_CONVERSION = YES;
				CLANG_WARN_OBJC_ROOT_CLASS = YES_ERROR;
				CLANG_WARN_RANGE_LOOP_ANALYSIS = YES;
				CLANG_WARN_STRICT_PROTOTYPES = YES;
				CLANG_WARN_SUSPICIOUS_MOVE = YES;
				CLANG_WARN_UNGUARDED_AVAILABILITY = YES_AGGRESSIVE;
				CLANG_WARN_UNREACHABLE_CODE = YES;
				CLANG_WARN__DUPLICATE_METHOD_MATCH = YES;
				CODE_SIGN_IDENTITY = "iPhone Developer";
				COPY_PHASE_STRIP = NO;
				DEBUG_INFORMATION_FORMAT = "dwarf-with-dsym";
				ENABLE_NS_ASSERTIONS = NO;
				ENABLE_STRICT_OBJC_MSGSEND = YES;
				GCC_C_LANGUAGE_STANDARD = gnu11;
				GCC_NO_COMMON_BLOCKS = YES;
				GCC_WARN_64_TO_32_BIT_CONVERSION = YES;
				GCC_WARN_ABOUT_RETURN_TYPE = YES_ERROR;
				GCC_WARN_UNDECLARED_SELECTOR = YES;
				GCC_WARN_UNINITIALIZED_AUTOS = YES_AGGRESSIVE;
				GCC_WARN_UNUSED_FUNCTION = YES;
				GCC_WARN_UNUSED_VARIABLE = YES;
				IPHONEOS_DEPLOYMENT_TARGET = 12.0;
				MTL_ENABLE_DEBUG_INFO = NO;
				MTL_FAST_MATH = YES;
				SDKROOT = iphoneos;
				SWIFT_COMPILATION_MODE = wholemodule;
				SWIFT_OPTIMIZATION_LEVEL = "-O";
				VALIDATE_PRODUCT = YES;
			};
			name = Release;
		};
		82728D8C21BA5D4F00790D2F /* Debug */ = {
			isa = XCBuildConfiguration;
			buildSettings = {
				ASSETCATALOG_COMPILER_APPICON_NAME = AppIcon;
				CODE_SIGN_STYLE = Automatic;
				DEVELOPMENT_TEAM = TKR2QX32K8;
				INFOPLIST_FILE = LoginScreen/Info.plist;
				LD_RUNPATH_SEARCH_PATHS = (
					"$(inherited)",
					"@executable_path/Frameworks",
				);
				PRODUCT_BUNDLE_IDENTIFIER = com.hrd.UserDefaultsTest;
				PRODUCT_NAME = "$(TARGET_NAME)";
				SWIFT_VERSION = 4.2;
				TARGETED_DEVICE_FAMILY = "1,2";
			};
			name = Debug;
		};
		82728D8D21BA5D4F00790D2F /* Release */ = {
			isa = XCBuildConfiguration;
			buildSettings = {
				ASSETCATALOG_COMPILER_APPICON_NAME = AppIcon;
				CODE_SIGN_STYLE = Automatic;
				DEVELOPMENT_TEAM = TKR2QX32K8;
				INFOPLIST_FILE = LoginScreen/Info.plist;
				LD_RUNPATH_SEARCH_PATHS = (
					"$(inherited)",
					"@executable_path/Frameworks",
				);
				PRODUCT_BUNDLE_IDENTIFIER = com.hrd.UserDefaultsTest;
				PRODUCT_NAME = "$(TARGET_NAME)";
				SWIFT_VERSION = 4.2;
				TARGETED_DEVICE_FAMILY = "1,2";
			};
			name = Release;
		};
/* End XCBuildConfiguration section */

/* Begin XCConfigurationList section */
		82728D7421BA5D4F00790D2F /* Build configuration list for PBXProject "LoginScreen" */ = {
			isa = XCConfigurationList;
			buildConfigurations = (
				82728D8921BA5D4F00790D2F /* Debug */,
				82728D8A21BA5D4F00790D2F /* Release */,
			);
			defaultConfigurationIsVisible = 0;
			defaultConfigurationName = Release;
		};
		82728D8B21BA5D4F00790D2F /* Build configuration list for PBXNativeTarget "LoginScreen" */ = {
			isa = XCConfigurationList;
			buildConfigurations = (
				82728D8C21BA5D4F00790D2F /* Debug */,
				82728D8D21BA5D4F00790D2F /* Release */,
			);
			defaultConfigurationIsVisible = 0;
			defaultConfigurationName = Release;
		};
/* End XCConfigurationList section */
	};
	rootObject = 82728D7121BA5D4F00790D2F /* Project object */;
}
